
Microsoft Visual Studio Solution File, Format Version 12.00
# Visual Studio 2013
VisualStudioVersion = 12.0.31101.0
MinimumVisualStudioVersion = 10.0.40219.1
Project("{2150E333-8FDC-42A3-9474-1A3956D46DE8}") = "Kura", "Kura", "{80DA1CF1-1F3F-4A78-9474-17A43AFB4862}"
EndProject
Project("{D954291E-2A0B-460D-934E-DC6B0785DB48}") = "Kura.Shared", "Kura\Kura.Shared\Kura.Shared.shproj", "{CAC6538B-FC8B-4764-ABD1-C709C5DB8F5A}"
EndProject
Project("{FAE04EC0-301F-11D3-BF4B-00C04F79EFBC}") = "Kura.Windows", "Kura\Kura.Windows\Kura.Windows.csproj", "{DECFCB1B-0957-45F0-ACF8-2809234A65E1}"
EndProject
Project("{FAE04EC0-301F-11D3-BF4B-00C04F79EFBC}") = "Kura.WindowsPhone", "Kura\Kura.WindowsPhone\Kura.WindowsPhone.csproj", "{B6F99A6B-6CFB-456E-B5CA-BD15B7B8B477}"
EndProject
Global
	GlobalSection(SharedMSBuildProjectFiles) = preSolution
		Kura\Kura.Shared\Kura.Shared.projitems*{cac6538b-fc8b-4764-abd1-c709c5db8f5a}*SharedItemsImports = 13
		Kura\Kura.Shared\Kura.Shared.projitems*{decfcb1b-0957-45f0-acf8-2809234a65e1}*SharedItemsImports = 4
		Kura\Kura.Shared\Kura.Shared.projitems*{b6f99a6b-6cfb-456e-b5ca-bd15b7b8b477}*SharedItemsImports = 4
	EndGlobalSection
	GlobalSection(SolutionConfigurationPlatforms) = preSolution
		Debug|Any CPU = Debug|Any CPU
		Debug|ARM = Debug|ARM
		Debug|x64 = Debug|x64
		Debug|x86 = Debug|x86
		Release|Any CPU = Release|Any CPU
		Release|ARM = Release|ARM
		Release|x64 = Release|x64
		Release|x86 = Release|x86
	EndGlobalSection
	GlobalSection(ProjectConfigurationPlatforms) = postSolution
		{DECFCB1B-0957-45F0-ACF8-2809234A65E1}.Debug|Any CPU.ActiveCfg = Debug|Any CPU
		{DECFCB1B-0957-45F0-ACF8-2809234A65E1}.Debug|Any CPU.Build.0 = Debug|Any CPU
		{DECFCB1B-0957-45F0-ACF8-2809234A65E1}.Debug|Any CPU.Deploy.0 = Debug|Any CPU
		{DECFCB1B-0957-45F0-ACF8-2809234A65E1}.Debug|ARM.ActiveCfg = Debug|ARM
		{DECFCB1B-0957-45F0-ACF8-2809234A65E1}.Debug|ARM.Build.0 = Debug|ARM
		{DECFCB1B-0957-45F0-ACF8-2809234A65E1}.Debug|ARM.Deploy.0 = Debug|ARM
		{DECFCB1B-0957-45F0-ACF8-2809234A65E1}.Debug|x64.ActiveCfg = Debug|x64
		{DECFCB1B-0957-45F0-ACF8-2809234A65E1}.Debug|x64.Build.0 = Debug|x64
		{DECFCB1B-0957-45F0-ACF8-2809234A65E1}.Debug|x64.Deploy.0 = Debug|x64
		{DECFCB1B-0957-45F0-ACF8-2809234A65E1}.Debug|x86.ActiveCfg = Debug|x86
		{DECFCB1B-0957-45F0-ACF8-2809234A65E1}.Debug|x86.Build.0 = Debug|x86
		{DECFCB1B-0957-45F0-ACF8-2809234A65E1}.Debug|x86.Deploy.0 = Debug|x86
		{DECFCB1B-0957-45F0-ACF8-2809234A65E1}.Release|Any CPU.ActiveCfg = Release|Any CPU
		{DECFCB1B-0957-45F0-ACF8-2809234A65E1}.Release|Any CPU.Build.0 = Release|Any CPU
		{DECFCB1B-0957-45F0-ACF8-2809234A65E1}.Release|Any CPU.Deploy.0 = Release|Any CPU
		{DECFCB1B-0957-45F0-ACF8-2809234A65E1}.Release|ARM.ActiveCfg = Release|ARM
		{DECFCB1B-0957-45F0-ACF8-2809234A65E1}.Release|ARM.Build.0 = Release|ARM
		{DECFCB1B-0957-45F0-ACF8-2809234A65E1}.Release|ARM.Deploy.0 = Release|ARM
		{DECFCB1B-0957-45F0-ACF8-2809234A65E1}.Release|x64.ActiveCfg = Release|x64
		{DECFCB1B-0957-45F0-ACF8-2809234A65E1}.Release|x64.Build.0 = Release|x64
		{DECFCB1B-0957-45F0-ACF8-2809234A65E1}.Release|x64.Deploy.0 = Release|x64
		{DECFCB1B-0957-45F0-ACF8-2809234A65E1}.Release|x86.ActiveCfg = Release|x86
		{DECFCB1B-0957-45F0-ACF8-2809234A65E1}.Release|x86.Build.0 = Release|x86
		{DECFCB1B-0957-45F0-ACF8-2809234A65E1}.Release|x86.Deploy.0 = Release|x86
		{B6F99A6B-6CFB-456E-B5CA-BD15B7B8B477}.Debug|Any CPU.ActiveCfg = Debug|Any CPU
		{B6F99A6B-6CFB-456E-B5CA-BD15B7B8B477}.Debug|Any CPU.Build.0 = Debug|Any CPU
		{B6F99A6B-6CFB-456E-B5CA-BD15B7B8B477}.Debug|Any CPU.Deploy.0 = Debug|Any CPU
		{B6F99A6B-6CFB-456E-B5CA-BD15B7B8B477}.Debug|ARM.ActiveCfg = Debug|ARM
		{B6F99A6B-6CFB-456E-B5CA-BD15B7B8B477}.Debug|ARM.Build.0 = Debug|ARM
		{B6F99A6B-6CFB-456E-B5CA-BD15B7B8B477}.Debug|ARM.Deploy.0 = Debug|ARM
		{B6F99A6B-6CFB-456E-B5CA-BD15B7B8B477}.Debug|x64.ActiveCfg = Debug|Any CPU
		{B6F99A6B-6CFB-456E-B5CA-BD15B7B8B477}.Debug|x86.ActiveCfg = Debug|x86
		{B6F99A6B-6CFB-456E-B5CA-BD15B7B8B477}.Debug|x86.Build.0 = Debug|x86
		{B6F99A6B-6CFB-456E-B5CA-BD15B7B8B477}.Debug|x86.Deploy.0 = Debug|x86
		{B6F99A6B-6CFB-456E-B5CA-BD15B7B8B477}.Release|Any CPU.ActiveCfg = Release|Any CPU
		{B6F99A6B-6CFB-456E-B5CA-BD15B7B8B477}.Release|Any CPU.Build.0 = Release|Any CPU
		{B6F99A6B-6CFB-456E-B5CA-BD15B7B8B477}.Release|Any CPU.Deploy.0 = Release|Any CPU
		{B6F99A6B-6CFB-456E-B5CA-BD15B7B8B477}.Release|ARM.ActiveCfg = Release|ARM
		{B6F99A6B-6CFB-456E-B5CA-BD15B7B8B477}.Release|ARM.Build.0 = Release|ARM
		{B6F99A6B-6CFB-456E-B5CA-BD15B7B8B477}.Release|ARM.Deploy.0 = Release|ARM
		{B6F99A6B-6CFB-456E-B5CA-BD15B7B8B477}.Release|x64.ActiveCfg = Release|Any CPU
		{B6F99A6B-6CFB-456E-B5CA-BD15B7B8B477}.Release|x86.ActiveCfg = Release|x86
		{B6F99A6B-6CFB-456E-B5CA-BD15B7B8B477}.Release|x86.Build.0 = Release|x86
		{B6F99A6B-6CFB-456E-B5CA-BD15B7B8B477}.Release|x86.Deploy.0 = Release|x86
	EndGlobalSection
	GlobalSection(SolutionProperties) = preSolution
		HideSolutionNode = FALSE
	EndGlobalSection
	GlobalSection(NestedProjects) = preSolution
		{CAC6538B-FC8B-4764-ABD1-C709C5DB8F5A} = {80DA1CF1-1F3F-4A78-9474-17A43AFB4862}
		{DECFCB1B-0957-45F0-ACF8-2809234A65E1} = {80DA1CF1-1F3F-4A78-9474-17A43AFB4862}
		{B6F99A6B-6CFB-456E-B5CA-BD15B7B8B477} = {80DA1CF1-1F3F-4A78-9474-17A43AFB4862}
	EndGlobalSection
EndGlobal
